hash: 850e6de24b9e82fc84502827e71a4721df0a95ce4efc5ed76882c7553d5f436f
updated: 2018-08-01T16:12:19.933833679+08:00
imports:
- name: github.com/beorn7/perks
  version: 4c0e84591b9aa9e6dcfdf3e020114cd81f89d5f9
  subpackages:
  - quantile
- name: github.com/gogo/protobuf
  version: 1adfc126b41513cc696b209667c8656ea7aac67c
  subpackages:
  - proto
  - sortkeys
  - types
- name: github.com/golang/protobuf
  version: 925541529c1fa6821df4e44ce2723319eb2be768
  subpackages:
  - jsonpb
  - proto
  - protoc-gen-go/descriptor
  - ptypes
  - ptypes/any
  - ptypes/duration
  - ptypes/struct
  - ptypes/timestamp
- name: github.com/golang/snappy
  version: d9eb7a3d35ec988b8585d4a0068e462c27d28380
- name: github.com/google/uuid
  version: dec09d789f3dba190787f8b4454c7d3c936fed9e
- name: github.com/grpc-ecosystem/grpc-gateway
  version: e4b8a938efae14de11fd97311e873e989896348c
  subpackages:
  - runtime
  - runtime/internal
  - utilities
- name: github.com/mailru/easyjson
  version: 2f5df55504ebc322e4d52d34df6a1f5b503bf26d
  subpackages:
  - buffer
  - jlexer
  - jwriter
- name: github.com/matttproud/golang_protobuf_extensions
  version: c12348ce28de40eed0136aa2b644d0ee0650e56c
  subpackages:
  - pbutil
- name: github.com/namsral/flag
  version: 71ceffbeb0ba60fccc853971bb3ed4d7d90bfd04
- name: github.com/olivere/elastic
  version: e1da71ef4bb6941f2051f5cc1c4d3e56b1978cf3
  subpackages:
  - config
  - uritemplates
- name: github.com/pkg/errors
  version: 645ef00459ed84a119197bfb8d8205042c6df63d
- name: github.com/prometheus/client_golang
  version: 661e31bf844dfca9aeba15f27ea8aa0d485ad212
  subpackages:
  - prometheus
- name: github.com/prometheus/client_model
  version: 99fa1f4be8e564e8a6b613da7fa6f46c9edafc6c
  subpackages:
  - go
- name: github.com/prometheus/common
  version: 2e54d0b93cba2fd133edc32211dcc32c06ef72ca
  subpackages:
  - expfmt
  - internal/bitbucket.org/ww/goautoneg
  - model
- name: github.com/prometheus/procfs
  version: a6e9df898b1336106c743392c48ee0b71f5c4efa
  subpackages:
  - xfs
- name: github.com/prometheus/prometheus
  version: 2c2702e22bebdb86061d005853cf22bcdf425ddb
  subpackages:
  - prompb
- name: go.uber.org/atomic
  version: 1ea20fb1cbb1cc08cbd0d913a96dead89aa18289
- name: go.uber.org/multierr
  version: 3c4937480c32f4c13a875a1829af76c98ca3d40a
- name: go.uber.org/zap
  version: 4d45f9617f7d90f7a663ff21c7a4321dbe78098b
  subpackages:
  - buffer
  - internal/bufferpool
  - internal/color
  - internal/exit
  - zapcore
- name: golang.org/x/net
  version: 9dfe39835686865bff950a07b394c12a98ddc811
  subpackages:
  - context
  - http2
  - http2/hpack
  - idna
  - internal/timeseries
  - lex/httplex
  - trace
- name: golang.org/x/text
  version: f21a4dfb5e38f5895301dc265a8def02365cc3d0
  subpackages:
  - secure/bidirule
  - transform
  - unicode/bidi
  - unicode/norm
- name: google.golang.org/genproto
  version: ff3583edef7de132f219f0efc00e097cabcc0ec0
  subpackages:
  - googleapis/api/annotations
  - googleapis/rpc/status
- name: google.golang.org/grpc
  version: 168a6198bcb0ef175f7dacec0b8691fc141dc9b8
  subpackages:
  - balancer
  - balancer/base
  - balancer/roundrobin
  - codes
  - connectivity
  - credentials
  - encoding
  - encoding/proto
  - grpclog
  - internal
  - internal/backoff
  - internal/channelz
  - internal/grpcrand
  - keepalive
  - metadata
  - naming
  - peer
  - resolver
  - resolver/dns
  - resolver/passthrough
  - stats
  - status
  - tap
  - transport
- name: gopkg.in/olivere/elastic.v6
  version: 229adca7643e572e471ea3e8e018d651b728713d
testImports: []
